Microsoft Visual Studio Solution File, Format Version 12.00
# Visual Studio Version 17
VisualStudioVersion = 17.13.35931.197
MinimumVisualStudioVersion = 10.0.40219.1
Project("{FAE04EC0-301F-11D3-BF4B-00C04F79EFBC}") = "NFCWriter", "NFCWriter\NFCWriter.csproj", "{1980E2D8-0AF4-45A1-8DCF-06FECE28E263}"
EndProject
Project("{FAE04EC0-301F-11D3-BF4B-00C04F79EFBC}") = "NFCWriter.Shared", "NFCWriter.Shared\NFCWriter.Shared.csproj", "{D2BA78F8-F3BD-4837-91AB-11C040473E6F}"
EndProject
Global
	GlobalSection(SolutionConfigurationPlatforms) = preSolution
		Debug|Any CPU = Debug|Any CPU
		Release|Any CPU = Release|Any CPU
	EndGlobalSection
	GlobalSection(ProjectConfigurationPlatforms) = postSolution
		{1980E2D8-0AF4-45A1-8DCF-06FECE28E263}.Debug|Any CPU.ActiveCfg = Debug|Any CPU
		{1980E2D8-0AF4-45A1-8DCF-06FECE28E263}.Debug|Any CPU.Build.0 = Debug|Any CPU
		{1980E2D8-0AF4-45A1-8DCF-06FECE28E263}.Debug|Any CPU.Deploy.0 = Debug|Any CPU
		{1980E2D8-0AF4-45A1-8DCF-06FECE28E263}.Release|Any CPU.ActiveCfg = Release|Any CPU
		{1980E2D8-0AF4-45A1-8DCF-06FECE28E263}.Release|Any CPU.Build.0 = Release|Any CPU
		{D2BA78F8-F3BD-4837-91AB-11C040473E6F}.Debug|Any CPU.ActiveCfg = Debug|Any CPU
		{D2BA78F8-F3BD-4837-91AB-11C040473E6F}.Debug|Any CPU.Build.0 = Debug|Any CPU
		{D2BA78F8-F3BD-4837-91AB-11C040473E6F}.Release|Any CPU.ActiveCfg = Release|Any CPU
		{D2BA78F8-F3BD-4837-91AB-11C040473E6F}.Release|Any CPU.Build.0 = Release|Any CPU
	EndGlobalSection
	GlobalSection(SolutionProperties) = preSolution
		HideSolutionNode = FALSE
	EndGlobalSection
	GlobalSection(ExtensibilityGlobals) = postSolution
		SolutionGuid = {C29B1481-B4B2-4BEE-BD82-F9E4B788C5CA}
	EndGlobalSection
EndGlobal
